
Microsoft Visual Studio Solution File, Format Version 12.00
# Visual Studio Version 16
VisualStudioVersion = 16.0.29318.209
MinimumVisualStudioVersion = 10.0.40219.1
Project("{F184B08F-C81C-45F6-A57F-5ABD9991F28F}") = "vb_paso4", "vb_paso4\vb_paso4.vbproj", "{C9D1D851-E00C-4D10-8540-6111B7961C39}"
EndProject
Global
	GlobalSection(SolutionConfigurationPlatforms) = preSolution
		Debug|Any CPU = Debug|Any CPU
		Release|Any CPU = Release|Any CPU
	EndGlobalSection
	GlobalSection(ProjectConfigurationPlatforms) = postSolution
		{C9D1D851-E00C-4D10-8540-6111B7961C39}.Debug|Any CPU.ActiveCfg = Debug|Any CPU
		{C9D1D851-E00C-4D10-8540-6111B7961C39}.Debug|Any CPU.Build.0 = Debug|Any CPU
		{C9D1D851-E00C-4D10-8540-6111B7961C39}.Release|Any CPU.ActiveCfg = Release|Any CPU
		{C9D1D851-E00C-4D10-8540-6111B7961C39}.Release|Any CPU.Build.0 = Release|Any CPU
	EndGlobalSection
	GlobalSection(SolutionProperties) = preSolution
		HideSolutionNode = FALSE
	EndGlobalSection
	GlobalSection(ExtensibilityGlobals) = postSolution
		SolutionGuid = {D06CA267-2E4B-4370-BD78-E0DDA94B6E3D}
	EndGlobalSection
EndGlobal
